
Microsoft Visual Studio Solution File, Format Version 12.00
# Visual Studio Version 17
VisualStudioVersion = 17.10.34928.147
MinimumVisualStudioVersion = 10.0.40219.1
Project("{FAE04EC0-301F-11D3-BF4B-00C04F79EFBC}") = "HomeRentalAPI", "HomeRentalAPI.csproj", "{03F9DF04-CF17-4964-B944-B215B22AC57A}"
EndProject
Global
	GlobalSection(SolutionConfigurationPlatforms) = preSolution
		Debug|Any CPU = Debug|Any CPU
		Release|Any CPU = Release|Any CPU
	EndGlobalSection
	GlobalSection(ProjectConfigurationPlatforms) = postSolution
		{03F9DF04-CF17-4964-B944-B215B22AC57A}.Debug|Any CPU.ActiveCfg = Debug|Any CPU
		{03F9DF04-CF17-4964-B944-B215B22AC57A}.Debug|Any CPU.Build.0 = Debug|Any CPU
		{03F9DF04-CF17-4964-B944-B215B22AC57A}.Release|Any CPU.ActiveCfg = Release|Any CPU
		{03F9DF04-CF17-4964-B944-B215B22AC57A}.Release|Any CPU.Build.0 = Release|Any CPU
	EndGlobalSection
	GlobalSection(SolutionProperties) = preSolution
		HideSolutionNode = FALSE
	EndGlobalSection
	GlobalSection(ExtensibilityGlobals) = postSolution
		SolutionGuid = {169CCC39-97F4-4E05-BDDF-C9FC623CAD13}
	EndGlobalSection
EndGlobal
